
Microsoft Visual Studio Solution File, Format Version 12.00
# Visual Studio Version 17
VisualStudioVersion = 17.3.32819.101
MinimumVisualStudioVersion = 10.0.40219.1
Project("{FAE04EC0-301F-11D3-BF4B-00C04F79EFBC}") = "TolTIL", "TolTIL.csproj", "{C7A707EE-B964-49D3-87B4-BD113C4727BC}"
EndProject
Global
	GlobalSection(SolutionConfigurationPlatforms) = preSolution
		Debug|Any CPU = Debug|Any CPU
		Release|Any CPU = Release|Any CPU
	EndGlobalSection
	GlobalSection(ProjectConfigurationPlatforms) = postSolution
		{C7A707EE-B964-49D3-87B4-BD113C4727BC}.Debug|Any CPU.ActiveCfg = Debug|Any CPU
		{C7A707EE-B964-49D3-87B4-BD113C4727BC}.Debug|Any CPU.Build.0 = Debug|Any CPU
		{C7A707EE-B964-49D3-87B4-BD113C4727BC}.Release|Any CPU.ActiveCfg = Release|Any CPU
		{C7A707EE-B964-49D3-87B4-BD113C4727BC}.Release|Any CPU.Build.0 = Release|Any CPU
	EndGlobalSection
	GlobalSection(SolutionProperties) = preSolution
		HideSolutionNode = FALSE
	EndGlobalSection
	GlobalSection(ExtensibilityGlobals) = postSolution
		SolutionGuid = {0811D17D-1859-4448-8C59-289EF2A60FAC}
	EndGlobalSection
EndGlobal
